
Microsoft Visual Studio Solution File, Format Version 12.00
# Visual Studio Version 16
VisualStudioVersion = 16.0.35325.158
MinimumVisualStudioVersion = 10.0.40219.1
Project("{FAE04EC0-301F-11D3-BF4B-00C04F79EFBC}") = "26,02", "26,02.csproj", "{EE599089-8615-4105-9033-2BF03F6CA13A}"
EndProject
Global
	GlobalSection(SolutionConfigurationPlatforms) = preSolution
		Debug|Any CPU = Debug|Any CPU
		Release|Any CPU = Release|Any CPU
	EndGlobalSection
	GlobalSection(ProjectConfigurationPlatforms) = postSolution
		{EE599089-8615-4105-9033-2BF03F6CA13A}.Debug|Any CPU.ActiveCfg = Debug|Any CPU
		{EE599089-8615-4105-9033-2BF03F6CA13A}.Debug|Any CPU.Build.0 = Debug|Any CPU
		{EE599089-8615-4105-9033-2BF03F6CA13A}.Release|Any CPU.ActiveCfg = Release|Any CPU
		{EE599089-8615-4105-9033-2BF03F6CA13A}.Release|Any CPU.Build.0 = Release|Any CPU
	EndGlobalSection
	GlobalSection(SolutionProperties) = preSolution
		HideSolutionNode = FALSE
	EndGlobalSection
	GlobalSection(ExtensibilityGlobals) = postSolution
		SolutionGuid = {6E09D735-B274-46F7-8A40-28687404F54B}
	EndGlobalSection
EndGlobal
